
Microsoft Visual Studio Solution File, Format Version 12.00
# Visual Studio Version 17
VisualStudioVersion = 17.0.31912.275
MinimumVisualStudioVersion = 10.0.40219.1
Project("{FAE04EC0-301F-11D3-BF4B-00C04F79EFBC}") = "Protolumz", "Protolumz.csproj", "{AE33FA7A-15CA-49D1-8A8E-A583C5005D25}"
EndProject
Project("{FAE04EC0-301F-11D3-BF4B-00C04F79EFBC}") = "RadicalCore", "..\RadicalCore\RadicalCore.csproj", "{ABD2AC20-CCCE-4536-B2DE-90F47432A154}"
EndProject
Global
	GlobalSection(SolutionConfigurationPlatforms) = preSolution
		Debug|Any CPU = Debug|Any CPU
		Release|Any CPU = Release|Any CPU
	EndGlobalSection
	GlobalSection(ProjectConfigurationPlatforms) = postSolution
		{AE33FA7A-15CA-49D1-8A8E-A583C5005D25}.Debug|Any CPU.ActiveCfg = Debug|Any CPU
		{AE33FA7A-15CA-49D1-8A8E-A583C5005D25}.Debug|Any CPU.Build.0 = Debug|Any CPU
		{AE33FA7A-15CA-49D1-8A8E-A583C5005D25}.Release|Any CPU.ActiveCfg = Release|Any CPU
		{AE33FA7A-15CA-49D1-8A8E-A583C5005D25}.Release|Any CPU.Build.0 = Release|Any CPU
		{ABD2AC20-CCCE-4536-B2DE-90F47432A154}.Debug|Any CPU.ActiveCfg = Debug|Any CPU
		{ABD2AC20-CCCE-4536-B2DE-90F47432A154}.Debug|Any CPU.Build.0 = Debug|Any CPU
		{ABD2AC20-CCCE-4536-B2DE-90F47432A154}.Release|Any CPU.ActiveCfg = Release|Any CPU
		{ABD2AC20-CCCE-4536-B2DE-90F47432A154}.Release|Any CPU.Build.0 = Release|Any CPU
	EndGlobalSection
	GlobalSection(SolutionProperties) = preSolution
		HideSolutionNode = FALSE
	EndGlobalSection
	GlobalSection(ExtensibilityGlobals) = postSolution
		SolutionGuid = {A828D0C8-09F4-4C97-ACBE-C5B13952AFB3}
	EndGlobalSection
EndGlobal
